// !$*UTF8*$!
{
	archiveVersion = 1;
	classes = {
	};
	objectVersion = 46;
	objects = {

/* Begin PBXBuildFile section */
		4C5E6FB248945E9154EEFC49 /* Assets.xcassets in Resources */ = {isa = PBXBuildFile; fileRef = DAE4233A28E6986BDB47DC4B /* Assets.xcassets */; };
		6FA0A19F2F30B95F97E40ABD /* PrivacyInfo.xcprivacy in Resources */ = {isa = PBXBuildFile; fileRef = 5155A39BCF46A79C26B04FBD /* PrivacyInfo.xcprivacy */; };
		79BD1F246DF7015B68EC6D5A /* ContentView.swift in Sources */ = {isa = PBXBuildFile; fileRef = C59D7E015CDF7DE2CE15FB82 /* ContentView.swift */; };
		A1B2C3D40000000000000001 /* TalonRtc.swift in Sources */ = {isa = PBXBuildFile; fileRef = A1B2C3D40000000000000002 /* TalonRtc.swift */; };
		A1B2C3D40000000000000003 /* WebRTC in Frameworks */ = {isa = PBXBuildFile; productRef = A1B2C3D40000000000000005 /* WebRTC */; };
		91E076838EB2739CA6E107D9 /* iOSApp.swift in Sources */ = {isa = PBXBuildFile; fileRef = 93EB67DAA918B8AABA83E274 /* iOSApp.swift */; };
		ECF6C90B7BB0861B76E6D297 /* Foundation.framework in Frameworks */ = {isa = PBXBuildFile; fileRef = F1E41978D0D84124A680A94B /* Foundation.framework */; };
/* End PBXBuildFile section */

/* Begin PBXFileReference section */
		12B24F56AE797A9FC5FC3A24 /* Config.xcconfig */ = {isa = PBXFileReference; includeInIndex = 1; lastKnownFileType = text.xcconfig; path = Config.xcconfig; sourceTree = "<group>"; };
		5155A39BCF46A79C26B04FBD /* PrivacyInfo.xcprivacy */ = {isa = PBXFileReference; includeInIndex = 1; path = PrivacyInfo.xcprivacy; sourceTree = "<group>"; };
		72840D7390381B5B6437B9D7 /* iosApp.app */ = {isa = PBXFileReference; explicitFileType = wrapper.application; includeInIndex = 0; path = iosApp.app; sourceTree = BUILT_PRODUCTS_DIR; };
		93EB67DAA918B8AABA83E274 /* iOSApp.swift */ = {isa = PBXFileReference; includeInIndex = 1; lastKnownFileType = sourcecode.swift; path = iOSApp.swift; sourceTree = "<group>"; };
		B2A4155216FD0194E961E0B9 /* Info.plist */ = {isa = PBXFileReference; includeInIndex = 1; lastKnownFileType = text.plist.xml; path = Info.plist; sourceTree = "<group>"; };
		A1B2C3D40000000000000002 /* TalonRtc.swift */ = {isa = PBXFileReference; includeInIndex = 1; lastKnownFileType = sourcecode.swift; path = TalonRtc.swift; sourceTree = "<group>"; };
		C59D7E015CDF7DE2CE15FB82 /* ContentView.swift */ = {isa = PBXFileReference; includeInIndex = 1; lastKnownFileType = sourcecode.swift; path = ContentView.swift; sourceTree = "<group>"; };
		DAE4233A28E6986BDB47DC4B /* Assets.xcassets */ = {isa = PBXFileReference; includeInIndex = 1; lastKnownFileType = folder.assetcatalog; path = Assets.xcassets; sourceTree = "<group>"; };
		F1E41978D0D84124A680A94B /* Foundation.framework */ = {isa = PBXFileReference; lastKnownFileType = wrapper.framework; name = Foundation.framework; path = Platforms/iPhoneOS.platform/Developer/SDKs/iPhoneOS26.0.sdk/System/Library/Frameworks/Foundation.framework; sourceTree = DEVELOPER_DIR; };
/* End PBXFileReference section */

/* Begin PBXFrameworksBuildPhase section */
		7AA64E6CF9956B29C94DA00A /* Frameworks */ = {
			isa = PBXFrameworksBuildPhase;
			buildActionMask = 2147483647;
			files = (
				ECF6C90B7BB0861B76E6D297 /* Foundation.framework in Frameworks */,
				A1B2C3D40000000000000003 /* WebRTC in Frameworks */,
			);
			runOnlyForDeploymentPostprocessing = 0;
		};
/* End PBXFrameworksBuildPhase section */

/* Begin PBXGroup section */
		6FDF866950B42F0411C3F3F8 /* iosApp */ = {
			isa = PBXGroup;
			children = (
				93EB67DAA918B8AABA83E274 /* iOSApp.swift */,
				C59D7E015CDF7DE2CE15FB82 /* ContentView.swift */,
				A1B2C3D40000000000000002 /* TalonRtc.swift */,
				DAE4233A28E6986BDB47DC4B /* Assets.xcassets */,
				5155A39BCF46A79C26B04FBD /* PrivacyInfo.xcprivacy */,
				B2A4155216FD0194E961E0B9 /* Info.plist */,
			);
			name = iosApp;
			path = iosApp;
			sourceTree = "<group>";
		};
		9988EE70C751F78DBE5DB95B /* iOS */ = {
			isa = PBXGroup;
			children = (
				F1E41978D0D84124A680A94B /* Foundation.framework */,
			);
			name = iOS;
			sourceTree = "<group>";
		};
		A72B00CE2D0AA8D452137D74 /* Products */ = {
			isa = PBXGroup;
			children = (
				72840D7390381B5B6437B9D7 /* iosApp.app */,
			);
			name = Products;
			sourceTree = "<group>";
		};
		AE60FB2F12775B1837C22FBF /* Configuration */ = {
			isa = PBXGroup;
			children = (
				12B24F56AE797A9FC5FC3A24 /* Config.xcconfig */,
			);
			name = Configuration;
			path = Configuration;
			sourceTree = "<group>";
		};
		B5303A65CD60F58057819024 = {
			isa = PBXGroup;
			children = (
				A72B00CE2D0AA8D452137D74 /* Products */,
				DCC754BEAF286659294EF24F /* Frameworks */,
				6FDF866950B42F0411C3F3F8 /* iosApp */,
				AE60FB2F12775B1837C22FBF /* Configuration */,
			);
			sourceTree = "<group>";
		};
		DCC754BEAF286659294EF24F /* Frameworks */ = {
			isa = PBXGroup;
			children = (
				9988EE70C751F78DBE5DB95B /* iOS */,
			);
			name = Frameworks;
			sourceTree = "<group>";
		};
/* End PBXGroup section */

/* Begin PBXNativeTarget section */
		B8867B240FCAC5156C7E926C /* iosApp */ = {
			isa = PBXNativeTarget;
			buildConfigurationList = C025EDB247C66087747E4A21 /* Build configuration list for PBXNativeTarget "iosApp" */;
			buildPhases = (
				89530DD2D6BCFFD5BC830FE0 /* Compile Kotlin Framework */,
				2815E9D76C27064330836682 /* Sources */,
				7AA64E6CF9956B29C94DA00A /* Frameworks */,
				69507A3ACADB467CE7B47FCD /* Resources */,
			);
			buildRules = (
			);
			dependencies = (
			);
			name = iosApp;
			packageProductDependencies = (
				A1B2C3D40000000000000005 /* WebRTC */,
			);
			productName = iosApp;
			productReference = 72840D7390381B5B6437B9D7 /* iosApp.app */;
			productType = "com.apple.product-type.application";
		};
/* End PBXNativeTarget section */

/* Begin PBXProject section */
		FAA964873030193633C92BC6 /* Project object */ = {
			isa = PBXProject;
			attributes = {
				LastSwiftUpdateCheck = 1600;
				LastUpgradeCheck = 1600;
			};
			buildConfigurationList = 92E9341E3C36CB5FF251D03A /* Build configuration list for PBXProject "iosApp" */;
			compatibilityVersion = "Xcode 3.2";
			developmentRegion = en;
			hasScannedForEncodings = 0;
			knownRegions = (
				en,
				Base,
			);
			mainGroup = B5303A65CD60F58057819024;
			minimizedProjectReferenceProxies = 0;
			preferredProjectObjectVersion = 100;
			packageReferences = (
				A1B2C3D40000000000000004 /* XCRemoteSwiftPackageReference "WebRTC" */,
			);
			productRefGroup = A72B00CE2D0AA8D452137D74 /* Products */;
			projectDirPath = "";
			projectRoot = "";
			targets = (
				B8867B240FCAC5156C7E926C /* iosApp */,
			);
		};
/* End PBXProject section */

/* Begin PBXResourcesBuildPhase section */
		69507A3ACADB467CE7B47FCD /* Resources */ = {
			isa = PBXResourcesBuildPhase;
			buildActionMask = 2147483647;
			files = (
				4C5E6FB248945E9154EEFC49 /* Assets.xcassets in Resources */,
				6FA0A19F2F30B95F97E40ABD /* PrivacyInfo.xcprivacy in Resources */,
			);
			runOnlyForDeploymentPostprocessing = 0;
		};
/* End PBXResourcesBuildPhase section */

/* Begin PBXShellScriptBuildPhase section */
		89530DD2D6BCFFD5BC830FE0 /* Compile Kotlin Framework */ = {
			isa = PBXShellScriptBuildPhase;
			alwaysOutOfDate = 1;
			buildActionMask = 2147483647;
			files = (
			);
			inputFileListPaths = (
			);
			inputPaths = (
			);
			name = "Compile Kotlin Framework";
			outputFileListPaths = (
			);
			outputPaths = (
			);
			runOnlyForDeploymentPostprocessing = 0;
			shellPath = /bin/sh;
			shellScript = "cd \"$SRCROOT/..\"\nexport GRADLE_USER_HOME=\"$PWD/.gradle-ios-heap\"\nmkdir -p \"$GRADLE_USER_HOME\"\nprintf 'org.gradle.jvmargs=-Xmx6g -Dfile.encoding=UTF-8\\nkotlin.daemon.jvmargs=-Xmx6g\\nkotlin.native.jvmArgs=-Xmx6g\\n' > \"$GRADLE_USER_HOME/gradle.properties\"\n./gradlew :composeApp:embedAndSignAppleFrameworkForXcode\n";
		};
/* End PBXShellScriptBuildPhase section */

/* Begin PBXSourcesBuildPhase section */
		2815E9D76C27064330836682 /* Sources */ = {
			isa = PBXSourcesBuildPhase;
			buildActionMask = 2147483647;
			files = (
				91E076838EB2739CA6E107D9 /* iOSApp.swift in Sources */,
				79BD1F246DF7015B68EC6D5A /* ContentView.swift in Sources */,
				A1B2C3D40000000000000001 /* TalonRtc.swift in Sources */,
			);
			runOnlyForDeploymentPostprocessing = 0;
		};
/* End PBXSourcesBuildPhase section */

/* Begin XCBuildConfiguration section */
		4FBE2A3930DD0E28FC2A01D3 /* Debug */ = {
			isa = XCBuildConfiguration;
			buildSettings = {
				ASSETCATALOG_COMPILER_APPICON_NAME = AppIcon;
				ASSETCATALOG_COMPILER_GLOBAL_ACCENT_COLOR_NAME = AccentColor;
				CLANG_ENABLE_OBJC_WEAK = NO;
				CODE_SIGN_STYLE = Automatic;
				CURRENT_PROJECT_VERSION = 1;
				DEVELOPMENT_TEAM = "$(TEAM_ID)";
				FRAMEWORK_SEARCH_PATHS = (
					"$(inherited)",
					"$(SRCROOT)/../composeApp/build/xcode-frameworks/$(CONFIGURATION)/$(SDK_NAME)",
				);
				GENERATE_INFOPLIST_FILE = NO;
				INFOPLIST_FILE = iosApp/Info.plist;
				IPHONEOS_DEPLOYMENT_TARGET = 15.0;
				LD_RUNPATH_SEARCH_PATHS = "$(inherited) @executable_path/Frameworks";
				MARKETING_VERSION = 0.16.0;
				OTHER_LDFLAGS = (
					"$(inherited)",
					"-framework",
					ComposeApp,
				);
				PRODUCT_BUNDLE_IDENTIFIER = io.nisfeb.talon;
				SDKROOT = iphoneos;
				SWIFT_VERSION = 5.0;
				TARGETED_DEVICE_FAMILY = "1,2";
			};
			name = Debug;
		};
		5C045BB51397E7469F400C76 /* Debug */ = {
			isa = XCBuildConfiguration;
			baseConfigurationReference = 12B24F56AE797A9FC5FC3A24 /* Config.xcconfig */;
			buildSettings = {
				ALWAYS_SEARCH_USER_PATHS = NO;
				CLANG_ANALYZER_NONNULL = YES;
				CLANG_ANALYZER_NUMBER_OBJECT_CONVERSION = YES_AGGRESSIVE;
				CLANG_CXX_LANGUAGE_STANDARD = "gnu++14";
				CLANG_CXX_LIBRARY = "libc++";
				CLANG_ENABLE_MODULES = YES;
				CLANG_ENABLE_OBJC_ARC = YES;
				CLANG_ENABLE_OBJC_WEAK = YES;
				CLANG_WARN_BLOCK_CAPTURE_AUTORELEASING = YES;
				CLANG_WARN_BOOL_CONVERSION = YES;
				CLANG_WARN_COMMA = YES;
				CLANG_WARN_CONSTANT_CONVERSION = YES;
				CLANG_WARN_DEPRECATED_OBJC_IMPLEMENTATIONS = YES;
				CLANG_WARN_DIRECT_OBJC_ISA_USAGE = YES_ERROR;
				CLANG_WARN_DOCUMENTATION_COMMENTS = YES;
				CLANG_WARN_EMPTY_BODY = YES;
				CLANG_WARN_ENUM_CONVERSION = YES;
				CLANG_WARN_INFINITE_RECURSION = YES;
				CLANG_WARN_INT_CONVERSION = YES;
				CLANG_WARN_NON_LITERAL_NULL_CONVERSION = YES;
				CLANG_WARN_OBJC_IMPLICIT_RETAIN_SELF = YES;
				CLANG_WARN_OBJC_LITERAL_CONVERSION = YES;
				CLANG_WARN_OBJC_ROOT_CLASS = YES_ERROR;
				CLANG_WARN_QUOTED_INCLUDE_IN_FRAMEWORK_HEADER = YES;
				CLANG_WARN_RANGE_LOOP_ANALYSIS = YES;
				CLANG_WARN_STRICT_PROTOTYPES = YES;
				CLANG_WARN_SUSPICIOUS_MOVE = YES;
				CLANG_WARN_UNGUARDED_AVAILABILITY = YES_AGGRESSIVE;
				CLANG_WARN_UNREACHABLE_CODE = YES;
				CLANG_WARN__DUPLICATE_METHOD_MATCH = YES;
				COPY_PHASE_STRIP = NO;
				DEBUG_INFORMATION_FORMAT = dwarf;
				ENABLE_STRICT_OBJC_MSGSEND = YES;
				ENABLE_TESTABILITY = YES;
				GCC_C_LANGUAGE_STANDARD = gnu11;
				GCC_DYNAMIC_NO_PIC = NO;
				GCC_NO_COMMON_BLOCKS = YES;
				GCC_OPTIMIZATION_LEVEL = 0;
				GCC_PREPROCESSOR_DEFINITIONS = (
					"DEBUG=1",
					"$(inherited)",
				);
				GCC_WARN_64_TO_32_BIT_CONVERSION = YES;
				GCC_WARN_ABOUT_RETURN_TYPE = YES_ERROR;
				GCC_WARN_UNDECLARED_SELECTOR = YES;
				GCC_WARN_UNINITIALIZED_AUTOS = YES_AGGRESSIVE;
				GCC_WARN_UNUSED_FUNCTION = YES;
				GCC_WARN_UNUSED_VARIABLE = YES;
				MTL_ENABLE_DEBUG_INFO = INCLUDE_SOURCE;
				MTL_FAST_MATH = YES;
				ONLY_ACTIVE_ARCH = YES;
				PRODUCT_NAME = "$(TARGET_NAME)";
				SWIFT_ACTIVE_COMPILATION_CONDITIONS = DEBUG;
				SWIFT_OPTIMIZATION_LEVEL = "-Onone";
				SWIFT_VERSION = 5.0;
			};
			name = Debug;
		};
		DD2A0F3096E4512DD7C7ADBC /* Release */ = {
			isa = XCBuildConfiguration;
			buildSettings = {
				ASSETCATALOG_COMPILER_APPICON_NAME = AppIcon;
				ASSETCATALOG_COMPILER_GLOBAL_ACCENT_COLOR_NAME = AccentColor;
				CLANG_ENABLE_OBJC_WEAK = NO;
				CODE_SIGN_STYLE = Automatic;
				CURRENT_PROJECT_VERSION = 1;
				DEVELOPMENT_TEAM = "$(TEAM_ID)";
				FRAMEWORK_SEARCH_PATHS = (
					"$(inherited)",
					"$(SRCROOT)/../composeApp/build/xcode-frameworks/$(CONFIGURATION)/$(SDK_NAME)",
				);
				GENERATE_INFOPLIST_FILE = NO;
				INFOPLIST_FILE = iosApp/Info.plist;
				IPHONEOS_DEPLOYMENT_TARGET = 15.0;
				LD_RUNPATH_SEARCH_PATHS = "$(inherited) @executable_path/Frameworks";
				MARKETING_VERSION = 0.16.0;
				OTHER_LDFLAGS = (
					"$(inherited)",
					"-framework",
					ComposeApp,
				);
				PRODUCT_BUNDLE_IDENTIFIER = io.nisfeb.talon;
				SDKROOT = iphoneos;
				SWIFT_VERSION = 5.0;
				TARGETED_DEVICE_FAMILY = "1,2";
				VALIDATE_PRODUCT = YES;
			};
			name = Release;
		};
		F5BEBC92D38513E9549BDCF4 /* Release */ = {
			isa = XCBuildConfiguration;
			baseConfigurationReference = 12B24F56AE797A9FC5FC3A24 /* Config.xcconfig */;
			buildSettings = {
				ALWAYS_SEARCH_USER_PATHS = NO;
				CLANG_ANALYZER_NONNULL = YES;
				CLANG_ANALYZER_NUMBER_OBJECT_CONVERSION = YES_AGGRESSIVE;
				CLANG_CXX_LANGUAGE_STANDARD = "gnu++14";
				CLANG_CXX_LIBRARY = "libc++";
				CLANG_ENABLE_MODULES = YES;
				CLANG_ENABLE_OBJC_ARC = YES;
				CLANG_ENABLE_OBJC_WEAK = YES;
				CLANG_WARN_BLOCK_CAPTURE_AUTORELEASING = YES;
				CLANG_WARN_BOOL_CONVERSION = YES;
				CLANG_WARN_COMMA = YES;
				CLANG_WARN_CONSTANT_CONVERSION = YES;
				CLANG_WARN_DEPRECATED_OBJC_IMPLEMENTATIONS = YES;
				CLANG_WARN_DIRECT_OBJC_ISA_USAGE = YES_ERROR;
				CLANG_WARN_DOCUMENTATION_COMMENTS = YES;
				CLANG_WARN_EMPTY_BODY = YES;
				CLANG_WARN_ENUM_CONVERSION = YES;
				CLANG_WARN_INFINITE_RECURSION = YES;
				CLANG_WARN_INT_CONVERSION = YES;
				CLANG_WARN_NON_LITERAL_NULL_CONVERSION = YES;
				CLANG_WARN_OBJC_IMPLICIT_RETAIN_SELF = YES;
				CLANG_WARN_OBJC_LITERAL_CONVERSION = YES;
				CLANG_WARN_OBJC_ROOT_CLASS = YES_ERROR;
				CLANG_WARN_QUOTED_INCLUDE_IN_FRAMEWORK_HEADER = YES;
				CLANG_WARN_RANGE_LOOP_ANALYSIS = YES;
				CLANG_WARN_STRICT_PROTOTYPES = YES;
				CLANG_WARN_SUSPICIOUS_MOVE = YES;
				CLANG_WARN_UNGUARDED_AVAILABILITY = YES_AGGRESSIVE;
				CLANG_WARN_UNREACHABLE_CODE = YES;
				CLANG_WARN__DUPLICATE_METHOD_MATCH = YES;
				COPY_PHASE_STRIP = NO;
				DEBUG_INFORMATION_FORMAT = "dwarf-with-dsym";
				ENABLE_NS_ASSERTIONS = NO;
				ENABLE_STRICT_OBJC_MSGSEND = YES;
				GCC_C_LANGUAGE_STANDARD = gnu11;
				GCC_NO_COMMON_BLOCKS = YES;
				GCC_WARN_64_TO_32_BIT_CONVERSION = YES;
				GCC_WARN_ABOUT_RETURN_TYPE = YES_ERROR;
				GCC_WARN_UNDECLARED_SELECTOR = YES;
				GCC_WARN_UNINITIALIZED_AUTOS = YES_AGGRESSIVE;
				GCC_WARN_UNUSED_FUNCTION = YES;
				GCC_WARN_UNUSED_VARIABLE = YES;
				MTL_ENABLE_DEBUG_INFO = NO;
				MTL_FAST_MATH = YES;
				PRODUCT_NAME = "$(TARGET_NAME)";
				SWIFT_COMPILATION_MODE = wholemodule;
				SWIFT_OPTIMIZATION_LEVEL = "-O";
				SWIFT_VERSION = 5.0;
			};
			name = Release;
		};
/* End XCBuildConfiguration section */

/* Begin XCConfigurationList section */
		92E9341E3C36CB5FF251D03A /* Build configuration list for PBXProject "iosApp" */ = {
			isa = XCConfigurationList;
			buildConfigurations = (
				5C045BB51397E7469F400C76 /* Debug */,
				F5BEBC92D38513E9549BDCF4 /* Release */,
			);
			defaultConfigurationIsVisible = 0;
			defaultConfigurationName = Release;
		};
		C025EDB247C66087747E4A21 /* Build configuration list for PBXNativeTarget "iosApp" */ = {
			isa = XCConfigurationList;
			buildConfigurations = (
				DD2A0F3096E4512DD7C7ADBC /* Release */,
				4FBE2A3930DD0E28FC2A01D3 /* Debug */,
			);
			defaultConfigurationIsVisible = 0;
			defaultConfigurationName = Release;
		};
/* End XCConfigurationList section */

/* Begin XCRemoteSwiftPackageReference section */
		A1B2C3D40000000000000004 /* XCRemoteSwiftPackageReference "WebRTC" */ = {
			isa = XCRemoteSwiftPackageReference;
			repositoryURL = "https://github.com/stasel/WebRTC.git";
			requirement = {
				kind = upToNextMajorVersion;
				minimumVersion = 152.0.0;
			};
		};
/* End XCRemoteSwiftPackageReference section */

/* Begin XCSwiftPackageProductDependency section */
		A1B2C3D40000000000000005 /* WebRTC */ = {
			isa = XCSwiftPackageProductDependency;
			package = A1B2C3D40000000000000004 /* XCRemoteSwiftPackageReference "WebRTC" */;
			productName = WebRTC;
		};
/* End XCSwiftPackageProductDependency section */
	};
	rootObject = FAA964873030193633C92BC6 /* Project object */;
}
